// !$*UTF8*$!
{
	archiveVersion = 1;
	classes = {
	};
	objectVersion = 50;
	objects = {

/* Begin PBXBuildFile section */
		82F5DE0C25709ED800E34B26 /* AppDelegate.m in Sources */ = {isa = PBXBuildFile; fileRef = 82F5DE0B25709ED800E34B26 /* AppDelegate.m */; };
		82F5DE0F25709ED800E34B26 /* SceneDelegate.m in Sources */ = {isa = PBXBuildFile; fileRef = 82F5DE0E25709ED800E34B26 /* SceneDelegate.m */; };
		82F5DE1225709ED800E34B26 /* ViewController.m in Sources */ = {isa = PBXBuildFile; fileRef = 82F5DE1125709ED800E34B26 /* ViewController.m */; };
		82F5DE1525709ED800E34B26 /* Main.storyboard in Resources */ = {isa = PBXBuildFile; fileRef = 82F5DE1325709ED800E34B26 /* Main.storyboard */; };
		82F5DE1725709EDC00E34B26 /* Assets.xcassets in Resources */ = {isa = PBXBuildFile; fileRef = 82F5DE1625709EDC00E34B26 /* Assets.xcassets */; };
		82F5DE1A25709EDC00E34B26 /* LaunchScreen.storyboard in Resources */ = {isa = PBXBuildFile; fileRef = 82F5DE1825709EDC00E34B26 /* LaunchScreen.storyboard */; };
		82F5DE1D25709EDC00E34B26 /* main.m in Sources */ = {isa = PBXBuildFile; fileRef = 82F5DE1C25709EDC00E34B26 /* main.m */; };
		82F5DE2725709EDC00E34B26 /* FirstIOSAppTests.m in Sources */ = {isa = PBXBuildFile; fileRef = 82F5DE2625709EDC00E34B26 /* FirstIOSAppTests.m */; };
		82F5DE3225709EDD00E34B26 /* FirstIOSAppUITests.m in Sources */ = {isa = PBXBuildFile; fileRef = 82F5DE3125709EDD00E34B26 /* FirstIOSAppUITests.m */; };
/* End PBXBuildFile section */

/* Begin PBXContainerItemProxy section */
		82F5DE2325709EDC00E34B26 /* PBXContainerItemProxy */ = {
			isa = PBXContainerItemProxy;
			containerPortal = 82F5DDFF25709ED800E34B26 /* Project object */;
			proxyType = 1;
			remoteGlobalIDString = 82F5DE0625709ED800E34B26;
			remoteInfo = FirstIOSApp;
		};
		82F5DE2E25709EDD00E34B26 /* PBXContainerItemProxy */ = {
			isa = PBXContainerItemProxy;
			containerPortal = 82F5DDFF25709ED800E34B26 /* Project object */;
			proxyType = 1;
			remoteGlobalIDString = 82F5DE0625709ED800E34B26;
			remoteInfo = FirstIOSApp;
		};
/* End PBXContainerItemProxy section */

/* Begin PBXFileReference section */
		82F5DE0725709ED800E34B26 /* FirstIOSApp.app */ = {isa = PBXFileReference; explicitFileType = wrapper.application; includeInIndex = 0; path = FirstIOSApp.app; sourceTree = BUILT_PRODUCTS_DIR; };
		82F5DE0A25709ED800E34B26 /* AppDelegate.h */ = {isa = PBXFileReference; lastKnownFileType = sourcecode.c.h; path = AppDelegate.h; sourceTree = "<group>"; };
		82F5DE0B25709ED800E34B26 /* AppDelegate.m */ = {isa = PBXFileReference; lastKnownFileType = sourcecode.c.objc; path = AppDelegate.m; sourceTree = "<group>"; };
		82F5DE0D25709ED800E34B26 /* SceneDelegate.h */ = {isa = PBXFileReference; lastKnownFileType = sourcecode.c.h; path = SceneDelegate.h; sourceTree = "<group>"; };
		82F5DE0E25709ED800E34B26 /* SceneDelegate.m */ = {isa = PBXFileReference; lastKnownFileType = sourcecode.c.objc; path = SceneDelegate.m; sourceTree = "<group>"; };
		82F5DE1025709ED800E34B26 /* ViewController.h */ = {isa = PBXFileReference; lastKnownFileType = sourcecode.c.h; path = ViewController.h; sourceTree = "<group>"; };
		82F5DE1125709ED800E34B26 /* ViewController.m */ = {isa = PBXFileReference; lastKnownFileType = sourcecode.c.objc; path = ViewController.m; sourceTree = "<group>"; };
		82F5DE1425709ED800E34B26 /* Base */ = {isa = PBXFileReference; lastKnownFileType = file.storyboard; name = Base; path = Base.lproj/Main.storyboard; sourceTree = "<group>"; };
		82F5DE1625709EDC00E34B26 /* Assets.xcassets */ = {isa = PBXFileReference; lastKnownFileType = folder.assetcatalog; path = Assets.xcassets; sourceTree = "<group>"; };
		82F5DE1925709EDC00E34B26 /* Base */ = {isa = PBXFileReference; lastKnownFileType = file.storyboard; name = Base; path = Base.lproj/LaunchScreen.storyboard; sourceTree = "<group>"; };
		82F5DE1B25709EDC00E34B26 /* Info.plist */ = {isa = PBXFileReference; lastKnownFileType = text.plist.xml; path = Info.plist; sourceTree = "<group>"; };
		82F5DE1C25709EDC00E34B26 /* main.m */ = {isa = PBXFileReference; lastKnownFileType = sourcecode.c.objc; path = main.m; sourceTree = "<group>"; };
		82F5DE2225709EDC00E34B26 /* FirstIOSAppTests.xctest */ = {isa = PBXFileReference; explicitFileType = wrapper.cfbundle; includeInIndex = 0; path = FirstIOSAppTests.xctest; sourceTree = BUILT_PRODUCTS_DIR; };
		82F5DE2625709EDC00E34B26 /* FirstIOSAppTests.m */ = {isa = PBXFileReference; lastKnownFileType = sourcecode.c.objc; path = FirstIOSAppTests.m; sourceTree = "<group>"; };
		82F5DE2825709EDC00E34B26 /* Info.plist */ = {isa = PBXFileReference; lastKnownFileType = text.plist.xml; path = Info.plist; sourceTree = "<group>"; };
		82F5DE2D25709EDD00E34B26 /* FirstIOSAppUITests.xctest */ = {isa = PBXFileReference; explicitFileType = wrapper.cfbundle; includeInIndex = 0; path = FirstIOSAppUITests.xctest; sourceTree = BUILT_PRODUCTS_DIR; };
		82F5DE3125709EDD00E34B26 /* FirstIOSAppUITests.m */ = {isa = PBXFileReference; lastKnownFileType = sourcecode.c.objc; path = FirstIOSAppUITests.m; sourceTree = "<group>"; };
		82F5DE3325709EDD00E34B26 /* Info.plist */ = {isa = PBXFileReference; lastKnownFileType = text.plist.xml; path = Info.plist; sourceTree = "<group>"; };
/* End PBXFileReference section */

/* Begin PBXFrameworksBuildPhase section */
		82F5DE0425709ED800E34B26 /* Frameworks */ = {
			isa = PBXFrameworksBuildPhase;
			buildActionMask = 2147483647;
			files = (
			);
			runOnlyForDeploymentPostprocessing = 0;
		};
		82F5DE1F25709EDC00E34B26 /* Frameworks */ = {
			isa = PBXFrameworksBuildPhase;
			buildActionMask = 2147483647;
			files = (
			);
			runOnlyForDeploymentPostprocessing = 0;
		};
		82F5DE2A25709EDD00E34B26 /* Frameworks */ = {
			isa = PBXFrameworksBuildPhase;
			buildActionMask = 2147483647;
			files = (
			);
			runOnlyForDeploymentPostprocessing = 0;
		};
/* End PBXFrameworksBuildPhase section */

/* Begin PBXGroup section */
		82F5DDFE25709ED800E34B26 = {
			isa = PBXGroup;
			children = (
				82F5DE0925709ED800E34B26 /* FirstIOSApp */,
				82F5DE2525709EDC00E34B26 /* FirstIOSAppTests */,
				82F5DE3025709EDD00E34B26 /* FirstIOSAppUITests */,
				82F5DE0825709ED800E34B26 /* Products */,
			);
			sourceTree = "<group>";
		};
		82F5DE0825709ED800E34B26 /* Products */ = {
			isa = PBXGroup;
			children = (
				82F5DE0725709ED800E34B26 /* FirstIOSApp.app */,
				82F5DE2225709EDC00E34B26 /* FirstIOSAppTests.xctest */,
				82F5DE2D25709EDD00E34B26 /* FirstIOSAppUITests.xctest */,
			);
			name = Products;
			sourceTree = "<group>";
		};
		82F5DE0925709ED800E34B26 /* FirstIOSApp */ = {
			isa = PBXGroup;
			children = (
				82F5DE0A25709ED800E34B26 /* AppDelegate.h */,
				82F5DE0B25709ED800E34B26 /* AppDelegate.m */,
				82F5DE0D25709ED800E34B26 /* SceneDelegate.h */,
				82F5DE0E25709ED800E34B26 /* SceneDelegate.m */,
				82F5DE1025709ED800E34B26 /* ViewController.h */,
				82F5DE1125709ED800E34B26 /* ViewController.m */,
				82F5DE1325709ED800E34B26 /* Main.storyboard */,
				82F5DE1625709EDC00E34B26 /* Assets.xcassets */,
				82F5DE1825709EDC00E34B26 /* LaunchScreen.storyboard */,
				82F5DE1B25709EDC00E34B26 /* Info.plist */,
				82F5DE1C25709EDC00E34B26 /* main.m */,
			);
			path = FirstIOSApp;
			sourceTree = "<group>";
		};
		82F5DE2525709EDC00E34B26 /* FirstIOSAppTests */ = {
			isa = PBXGroup;
			children = (
				82F5DE2625709EDC00E34B26 /* FirstIOSAppTests.m */,
				82F5DE2825709EDC00E34B26 /* Info.plist */,
			);
			path = FirstIOSAppTests;
			sourceTree = "<group>";
		};
		82F5DE3025709EDD00E34B26 /* FirstIOSAppUITests */ = {
			isa = PBXGroup;
			children = (
				82F5DE3125709EDD00E34B26 /* FirstIOSAppUITests.m */,
				82F5DE3325709EDD00E34B26 /* Info.plist */,
			);
			path = FirstIOSAppUITests;
			sourceTree = "<group>";
		};
/* End PBXGroup section */

/* Begin PBXNativeTarget section */
		82F5DE0625709ED800E34B26 /* FirstIOSApp */ = {
			isa = PBXNativeTarget;
			buildConfigurationList = 82F5DE3625709EDD00E34B26 /* Build configuration list for PBXNativeTarget "FirstIOSApp" */;
			buildPhases = (
				82F5DE0325709ED800E34B26 /* Sources */,
				82F5DE0425709ED800E34B26 /* Frameworks */,
				82F5DE0525709ED800E34B26 /* Resources */,
			);
			buildRules = (
			);
			dependencies = (
			);
			name = FirstIOSApp;
			productName = FirstIOSApp;
			productReference = 82F5DE0725709ED800E34B26 /* FirstIOSApp.app */;
			productType = "com.apple.product-type.application";
		};
		82F5DE2125709EDC00E34B26 /* FirstIOSAppTests */ = {
			isa = PBXNativeTarget;
			buildConfigurationList = 82F5DE3925709EDD00E34B26 /* Build configuration list for PBXNativeTarget "FirstIOSAppTests" */;
			buildPhases = (
				82F5DE1E25709EDC00E34B26 /* Sources */,
				82F5DE1F25709EDC00E34B26 /* Frameworks */,
				82F5DE2025709EDC00E34B26 /* Resources */,
			);
			buildRules = (
			);
			dependencies = (
				82F5DE2425709EDC00E34B26 /* PBXTargetDependency */,
			);
			name = FirstIOSAppTests;
			productName = FirstIOSAppTests;
			productReference = 82F5DE2225709EDC00E34B26 /* FirstIOSAppTests.xctest */;
			productType = "com.apple.product-type.bundle.unit-test";
		};
		82F5DE2C25709EDD00E34B26 /* FirstIOSAppUITests */ = {
			isa = PBXNativeTarget;
			buildConfigurationList = 82F5DE3C25709EDD00E34B26 /* Build configuration list for PBXNativeTarget "FirstIOSAppUITests" */;
			buildPhases = (
				82F5DE2925709EDD00E34B26 /* Sources */,
				82F5DE2A25709EDD00E34B26 /* Frameworks */,
				82F5DE2B25709EDD00E34B26 /* Resources */,
			);
			buildRules = (
			);
			dependencies = (
				82F5DE2F25709EDD00E34B26 /* PBXTargetDependency */,
			);
			name = FirstIOSAppUITests;
			productName = FirstIOSAppUITests;
			productReference = 82F5DE2D25709EDD00E34B26 /* FirstIOSAppUITests.xctest */;
			productType = "com.apple.product-type.bundle.ui-testing";
		};
/* End PBXNativeTarget section */

/* Begin PBXProject section */
		82F5DDFF25709ED800E34B26 /* Project object */ = {
			isa = PBXProject;
			attributes = {
				LastUpgradeCheck = 1220;
				TargetAttributes = {
					82F5DE0625709ED800E34B26 = {
						CreatedOnToolsVersion = 12.2;
					};
					82F5DE2125709EDC00E34B26 = {
						CreatedOnToolsVersion = 12.2;
						TestTargetID = 82F5DE0625709ED800E34B26;
					};
					82F5DE2C25709EDD00E34B26 = {
						CreatedOnToolsVersion = 12.2;
						TestTargetID = 82F5DE0625709ED800E34B26;
					};
				};
			};
			buildConfigurationList = 82F5DE0225709ED800E34B26 /* Build configuration list for PBXProject "FirstIOSApp" */;
			compatibilityVersion = "Xcode 9.3";
			developmentRegion = en;
			hasScannedForEncodings = 0;
			knownRegions = (
				en,
				Base,
			);
			mainGroup = 82F5DDFE25709ED800E34B26;
			productRefGroup = 82F5DE0825709ED800E34B26 /* Products */;
			projectDirPath = "";
			projectRoot = "";
			targets = (
				82F5DE0625709ED800E34B26 /* FirstIOSApp */,
				82F5DE2125709EDC00E34B26 /* FirstIOSAppTests */,
				82F5DE2C25709EDD00E34B26 /* FirstIOSAppUITests */,
			);
		};
/* End PBXProject section */

/* Begin PBXResourcesBuildPhase section */
		82F5DE0525709ED800E34B26 /* Resources */ = {
			isa = PBXResourcesBuildPhase;
			buildActionMask = 2147483647;
			files = (
				82F5DE1A25709EDC00E34B26 /* LaunchScreen.storyboard in Resources */,
				82F5DE1725709EDC00E34B26 /* Assets.xcassets in Resources */,
				82F5DE1525709ED800E34B26 /* Main.storyboard in Resources */,
			);
			runOnlyForDeploymentPostprocessing = 0;
		};
		82F5DE2025709EDC00E34B26 /* Resources */ = {
			isa = PBXResourcesBuildPhase;
			buildActionMask = 2147483647;
			files = (
			);
			runOnlyForDeploymentPostprocessing = 0;
		};
		82F5DE2B25709EDD00E34B26 /* Resources */ = {
			isa = PBXResourcesBuildPhase;
			buildActionMask = 2147483647;
			files = (
			);
			runOnlyForDeploymentPostprocessing = 0;
		};
/* End PBXResourcesBuildPhase section */

/* Begin PBXSourcesBuildPhase section */
		82F5DE0325709ED800E34B26 /* Sources */ = {
			isa = PBXSourcesBuildPhase;
			buildActionMask = 2147483647;
			files = (
				82F5DE1225709ED800E34B26 /* ViewController.m in Sources */,
				82F5DE0C25709ED800E34B26 /* AppDelegate.m in Sources */,
				82F5DE1D25709EDC00E34B26 /* main.m in Sources */,
				82F5DE0F25709ED800E34B26 /* SceneDelegate.m in Sources */,
			);
			runOnlyForDeploymentPostprocessing = 0;
		};
		82F5DE1E25709EDC00E34B26 /* Sources */ = {
			isa = PBXSourcesBuildPhase;
			buildActionMask = 2147483647;
			files = (
				82F5DE2725709EDC00E34B26 /* FirstIOSAppTests.m in Sources */,
			);
			runOnlyForDeploymentPostprocessing = 0;
		};
		82F5DE2925709EDD00E34B26 /* Sources */ = {
			isa = PBXSourcesBuildPhase;
			buildActionMask = 2147483647;
			files = (
				82F5DE3225709EDD00E34B26 /* FirstIOSAppUITests.m in Sources */,
			);
			runOnlyForDeploymentPostprocessing = 0;
		};
/* End PBXSourcesBuildPhase section */

/* Begin PBXTargetDependency section */
		82F5DE2425709EDC00E34B26 /* PBXTargetDependency */ = {
			isa = PBXTargetDependency;
			target = 82F5DE0625709ED800E34B26 /* FirstIOSApp */;
			targetProxy = 82F5DE2325709EDC00E34B26 /* PBXContainerItemProxy */;
		};
		82F5DE2F25709EDD00E34B26 /* PBXTargetDependency */ = {
			isa = PBXTargetDependency;
			target = 82F5DE0625709ED800E34B26 /* FirstIOSApp */;
			targetProxy = 82F5DE2E25709EDD00E34B26 /* PBXContainerItemProxy */;
		};
/* End PBXTargetDependency section */

/* Begin PBXVariantGroup section */
		82F5DE1325709ED800E34B26 /* Main.storyboard */ = {
			isa = PBXVariantGroup;
			children = (
				82F5DE1425709ED800E34B26 /* Base */,
			);
			name = Main.storyboard;
			sourceTree = "<group>";
		};
		82F5DE1825709EDC00E34B26 /* LaunchScreen.storyboard */ = {
			isa = PBXVariantGroup;
			children = (
				82F5DE1925709EDC00E34B26 /* Base */,
			);
			name = LaunchScreen.storyboard;
			sourceTree = "<group>";
		};
/* End PBXVariantGroup section */

/* Begin XCBuildConfiguration section */
		82F5DE3425709EDD00E34B26 /* Debug */ = {
			isa = XCBuildConfiguration;
			buildSettings = {
				ALWAYS_SEARCH_USER_PATHS = NO;
				CLANG_ANALYZER_NONNULL = YES;
				CLANG_ANALYZER_NUMBER_OBJECT_CONVERSION = YES_AGGRESSIVE;
				CLANG_CXX_LANGUAGE_STANDARD = "gnu++14";
				CLANG_CXX_LIBRARY = "libc++";
				CLANG_ENABLE_MODULES = YES;
				CLANG_ENABLE_OBJC_ARC = YES;
				CLANG_ENABLE_OBJC_WEAK = YES;
				CLANG_WARN_BLOCK_CAPTURE_AUTORELEASING = YES;
				CLANG_WARN_BOOL_CONVERSION = YES;
				CLANG_WARN_COMMA = YES;
				CLANG_WARN_CONSTANT_CONVERSION = YES;
				CLANG_WARN_DEPRECATED_OBJC_IMPLEMENTATIONS = YES;
				CLANG_WARN_DIRECT_OBJC_ISA_USAGE = YES_ERROR;
				CLANG_WARN_DOCUMENTATION_COMMENTS = YES;
				CLANG_WARN_EMPTY_BODY = YES;
				CLANG_WARN_ENUM_CONVERSION = YES;
				CLANG_WARN_INFINITE_RECURSION = YES;
				CLANG_WARN_INT_CONVERSION = YES;
				CLANG_WARN_NON_LITERAL_NULL_CONVERSION = YES;
				CLANG_WARN_OBJC_IMPLICIT_RETAIN_SELF = YES;
				CLANG_WARN_OBJC_LITERAL_CONVERSION = YES;
				CLANG_WARN_OBJC_ROOT_CLASS = YES_ERROR;
				CLANG_WARN_QUOTED_INCLUDE_IN_FRAMEWORK_HEADER = YES;
				CLANG_WARN_RANGE_LOOP_ANALYSIS = YES;
				CLANG_WARN_STRICT_PROTOTYPES = YES;
				CLANG_WARN_SUSPICIOUS_MOVE = YES;
				CLANG_WARN_UNGUARDED_AVAILABILITY = YES_AGGRESSIVE;
				CLANG_WARN_UNREACHABLE_CODE = YES;
				CLANG_WARN__DUPLICATE_METHOD_MATCH = YES;
				COPY_PHASE_STRIP = NO;
				DEBUG_INFORMATION_FORMAT = dwarf;
				ENABLE_STRICT_OBJC_MSGSEND = YES;
				ENABLE_TESTABILITY = YES;
				GCC_C_LANGUAGE_STANDARD = gnu11;
				GCC_DYNAMIC_NO_PIC = NO;
				GCC_NO_COMMON_BLOCKS = YES;
				GCC_OPTIMIZATION_LEVEL = 0;
				GCC_PREPROCESSOR_DEFINITIONS = (
					"DEBUG=1",
					"$(inherited)",
				);
				GCC_WARN_64_TO_32_BIT_CONVERSION = YES;
				GCC_WARN_ABOUT_RETURN_TYPE = YES_ERROR;
				GCC_WARN_UNDECLARED_SELECTOR = YES;
				GCC_WARN_UNINITIALIZED_AUTOS = YES_AGGRESSIVE;
				GCC_WARN_UNUSED_FUNCTION = YES;
				GCC_WARN_UNUSED_VARIABLE = YES;
				IPHONEOS_DEPLOYMENT_TARGET = 14.2;
				MTL_ENABLE_DEBUG_INFO = INCLUDE_SOURCE;
				MTL_FAST_MATH = YES;
				ONLY_ACTIVE_ARCH = YES;
				SDKROOT = iphoneos;
			};
			name = Debug;
		};
		82F5DE3525709EDD00E34B26 /* Release */ = {
			isa = XCBuildConfiguration;
			buildSettings = {
				ALWAYS_SEARCH_USER_PATHS = NO;
				CLANG_ANALYZER_NONNULL = YES;
				CLANG_ANALYZER_NUMBER_OBJECT_CONVERSION = YES_AGGRESSIVE;
				CLANG_CXX_LANGUAGE_STANDARD = "gnu++14";
				CLANG_CXX_LIBRARY = "libc++";
				CLANG_ENABLE_MODULES = YES;
				CLANG_ENABLE_OBJC_ARC = YES;
				CLANG_ENABLE_OBJC_WEAK = YES;
				CLANG_WARN_BLOCK_CAPTURE_AUTORELEASING = YES;
				CLANG_WARN_BOOL_CONVERSION = YES;
				CLANG_WARN_COMMA = YES;
				CLANG_WARN_CONSTANT_CONVERSION = YES;
				CLANG_WARN_DEPRECATED_OBJC_IMPLEMENTATIONS = YES;
				CLANG_WARN_DIRECT_OBJC_ISA_USAGE = YES_ERROR;
				CLANG_WARN_DOCUMENTATION_COMMENTS = YES;
				CLANG_WARN_EMPTY_BODY = YES;
				CLANG_WARN_ENUM_CONVERSION = YES;
				CLANG_WARN_INFINITE_RECURSION = YES;
				CLANG_WARN_INT_CONVERSION = YES;
				CLANG_WARN_NON_LITERAL_NULL_CONVERSION = YES;
				CLANG_WARN_OBJC_IMPLICIT_RETAIN_SELF = YES;
				CLANG_WARN_OBJC_LITERAL_CONVERSION = YES;
				CLANG_WARN_OBJC_ROOT_CLASS = YES_ERROR;
				CLANG_WARN_QUOTED_INCLUDE_IN_FRAMEWORK_HEADER = YES;
				CLANG_WARN_RANGE_LOOP_ANALYSIS = YES;
				CLANG_WARN_STRICT_PROTOTYPES = YES;
				CLANG_WARN_SUSPICIOUS_MOVE = YES;
				CLANG_WARN_UNGUARDED_AVAILABILITY = YES_AGGRESSIVE;
				CLANG_WARN_UNREACHABLE_CODE = YES;
				CLANG_WARN__DUPLICATE_METHOD_MATCH = YES;
				COPY_PHASE_STRIP = NO;
				DEBUG_INFORMATION_FORMAT = "dwarf-with-dsym";
				ENABLE_NS_ASSERTIONS = NO;
				ENABLE_STRICT_OBJC_MSGSEND = YES;
				GCC_C_LANGUAGE_STANDARD = gnu11;
				GCC_NO_COMMON_BLOCKS = YES;
				GCC_WARN_64_TO_32_BIT_CONVERSION = YES;
				GCC_WARN_ABOUT_RETURN_TYPE = YES_ERROR;
				GCC_WARN_UNDECLARED_SELECTOR = YES;
				GCC_WARN_UNINITIALIZED_AUTOS = YES_AGGRESSIVE;
				GCC_WARN_UNUSED_FUNCTION = YES;
				GCC_WARN_UNUSED_VARIABLE = YES;
				IPHONEOS_DEPLOYMENT_TARGET = 14.2;
				MTL_ENABLE_DEBUG_INFO = NO;
				MTL_FAST_MATH = YES;
				SDKROOT = iphoneos;
				VALIDATE_PRODUCT = YES;
			};
			name = Release;
		};
		82F5DE3725709EDD00E34B26 /* Debug */ = {
			isa = XCBuildConfiguration;
			buildSettings = {
				ASSETCATALOG_COMPILER_APPICON_NAME = AppIcon;
				ASSETCATALOG_COMPILER_GLOBAL_ACCENT_COLOR_NAME = AccentColor;
				CODE_SIGN_STYLE = Automatic;
				INFOPLIST_FILE = FirstIOSApp/Info.plist;
				LD_RUNPATH_SEARCH_PATHS = (
					"$(inherited)",
					"@executable_path/Frameworks",
				);
				PRODUCT_BUNDLE_IDENTIFIER = thinkman.FirstIOSApp;
				PRODUCT_NAME = "$(TARGET_NAME)";
				TARGETED_DEVICE_FAMILY = "1,2";
			};
			name = Debug;
		};
		82F5DE3825709EDD00E34B26 /* Release */ = {
			isa = XCBuildConfiguration;
			buildSettings = {
				ASSETCATALOG_COMPILER_APPICON_NAME = AppIcon;
				ASSETCATALOG_COMPILER_GLOBAL_ACCENT_COLOR_NAME = AccentColor;
				CODE_SIGN_STYLE = Automatic;
				INFOPLIST_FILE = FirstIOSApp/Info.plist;
				LD_RUNPATH_SEARCH_PATHS = (
					"$(inherited)",
					"@executable_path/Frameworks",
				);
				PRODUCT_BUNDLE_IDENTIFIER = thinkman.FirstIOSApp;
				PRODUCT_NAME = "$(TARGET_NAME)";
				TARGETED_DEVICE_FAMILY = "1,2";
			};
			name = Release;
		};
		82F5DE3A25709EDD00E34B26 /* Debug */ = {
			isa = XCBuildConfiguration;
			buildSettings = {
				BUNDLE_LOADER = "$(TEST_HOST)";
				CODE_SIGN_STYLE = Automatic;
				INFOPLIST_FILE = FirstIOSAppTests/Info.plist;
				IPHONEOS_DEPLOYMENT_TARGET = 14.2;
				LD_RUNPATH_SEARCH_PATHS = (
					"$(inherited)",
					"@executable_path/Frameworks",
					"@loader_path/Frameworks",
				);
				PRODUCT_BUNDLE_IDENTIFIER = thinkman.FirstIOSAppTests;
				PRODUCT_NAME = "$(TARGET_NAME)";
				TARGETED_DEVICE_FAMILY = "1,2";
				TEST_HOST = "$(BUILT_PRODUCTS_DIR)/FirstIOSApp.app/FirstIOSApp";
			};
			name = Debug;
		};
		82F5DE3B25709EDD00E34B26 /* Release */ = {
			isa = XCBuildConfiguration;
			buildSettings = {
				BUNDLE_LOADER = "$(TEST_HOST)";
				CODE_SIGN_STYLE = Automatic;
				INFOPLIST_FILE = FirstIOSAppTests/Info.plist;
				IPHONEOS_DEPLOYMENT_TARGET = 14.2;
				LD_RUNPATH_SEARCH_PATHS = (
					"$(inherited)",
					"@executable_path/Frameworks",
					"@loader_path/Frameworks",
				);
				PRODUCT_BUNDLE_IDENTIFIER = thinkman.FirstIOSAppTests;
				PRODUCT_NAME = "$(TARGET_NAME)";
				TARGETED_DEVICE_FAMILY = "1,2";
				TEST_HOST = "$(BUILT_PRODUCTS_DIR)/FirstIOSApp.app/FirstIOSApp";
			};
			name = Release;
		};
		82F5DE3D25709EDD00E34B26 /* Debug */ = {
			isa = XCBuildConfiguration;
			buildSettings = {
				CODE_SIGN_STYLE = Automatic;
				INFOPLIST_FILE = FirstIOSAppUITests/Info.plist;
				LD_RUNPATH_SEARCH_PATHS = (
					"$(inherited)",
					"@executable_path/Frameworks",
					"@loader_path/Frameworks",
				);
				PRODUCT_BUNDLE_IDENTIFIER = thinkman.FirstIOSAppUITests;
				PRODUCT_NAME = "$(TARGET_NAME)";
				TARGETED_DEVICE_FAMILY = "1,2";
				TEST_TARGET_NAME = FirstIOSApp;
			};
			name = Debug;
		};
		82F5DE3E25709EDD00E34B26 /* Release */ = {
			isa = XCBuildConfiguration;
			buildSettings = {
				CODE_SIGN_STYLE = Automatic;
				INFOPLIST_FILE = FirstIOSAppUITests/Info.plist;
				LD_RUNPATH_SEARCH_PATHS = (
					"$(inherited)",
					"@executable_path/Frameworks",
					"@loader_path/Frameworks",
				);
				PRODUCT_BUNDLE_IDENTIFIER = thinkman.FirstIOSAppUITests;
				PRODUCT_NAME = "$(TARGET_NAME)";
				TARGETED_DEVICE_FAMILY = "1,2";
				TEST_TARGET_NAME = FirstIOSApp;
			};
			name = Release;
		};
/* End XCBuildConfiguration section */

/* Begin XCConfigurationList section */
		82F5DE0225709ED800E34B26 /* Build configuration list for PBXProject "FirstIOSApp" */ = {
			isa = XCConfigurationList;
			buildConfigurations = (
				82F5DE3425709EDD00E34B26 /* Debug */,
				82F5DE3525709EDD00E34B26 /* Release */,
			);
			defaultConfigurationIsVisible = 0;
			defaultConfigurationName = Release;
		};
		82F5DE3625709EDD00E34B26 /* Build configuration list for PBXNativeTarget "FirstIOSApp" */ = {
			isa = XCConfigurationList;
			buildConfigurations = (
				82F5DE3725709EDD00E34B26 /* Debug */,
				82F5DE3825709EDD00E34B26 /* Release */,
			);
			defaultConfigurationIsVisible = 0;
			defaultConfigurationName = Release;
		};
		82F5DE3925709EDD00E34B26 /* Build configuration list for PBXNativeTarget "FirstIOSAppTests" */ = {
			isa = XCConfigurationList;
			buildConfigurations = (
				82F5DE3A25709EDD00E34B26 /* Debug */,
				82F5DE3B25709EDD00E34B26 /* Release */,
			);
			defaultConfigurationIsVisible = 0;
			defaultConfigurationName = Release;
		};
		82F5DE3C25709EDD00E34B26 /* Build configuration list for PBXNativeTarget "FirstIOSAppUITests" */ = {
			isa = XCConfigurationList;
			buildConfigurations = (
				82F5DE3D25709EDD00E34B26 /* Debug */,
				82F5DE3E25709EDD00E34B26 /* Release */,
			);
			defaultConfigurationIsVisible = 0;
			defaultConfigurationName = Release;
		};
/* End XCConfigurationList section */
	};
	rootObject = 82F5DDFF25709ED800E34B26 /* Project object */;
}
